github.com/ebitengine/purego v0.11.1 h1:2zpWRSQNVKN4eKsKO9eM1ILDgWfYMY9GwqRmK6XeQ/0=
github.com/ebitengine/purego v0.11.1/go.mod h1:DCHPP08djqhNSoTfImcnHYQRZmd0qhakvrozqaEYhGQ=
github.com/fxamacker/cbor/v2 v2.9.6 h1:NHZPxuUjJXQjX9itA785y/5NKSlI4HQ+S7noZsmI7hs=
github.com/fxamacker/cbor/v2 v2.9.6/go.mod h1:4EaZp6ClVunETjQ4GHmGNzysDK91Lr+r6Yz6tJqzVCw=
github.com/go-authn/fido v0.6.1 h1:53+zRNFrgJbgrNMIehkV6M9IYdmAUq3ZUwqV4yAGNF0=
github.com/go-authn/fido v0.6.1/go.mod h1:rxQ/vJWdp8Lb+glv2G6XhKx8chl0SkqmPAtooiLW2bY=
github.com/go-authn/keyfactor v0.4.1 h1:St8hV//htZPci50s9UoCPTSLpjFb4mx4MXtVqBAnGvw=
github.com/go-authn/keyfactor v0.4.1/go.mod h1:w+OdBbN4anbp2P/lt4X13ujl57c68zSwILzEJ4ZAEBc=
github.com/go-authn/mfa v0.5.0 h1:9HkcmhBmoTIS+2yD6gvtFMPzi19tjuElEdBXXXBLwuo=
github.com/go-authn/mfa v0.5.0/go.mod h1:gXW2ygHUIq0dbkDK5ZwtngATc2cSpTuszcin6KAqjWA=
github.com/go-macos/fido v0.5.0 h1:6L+qjKfdjeeb5nBTsdpER3qu9T2aU3HzPj/4K+QFzYo=
github.com/go-macos/fido v0.5.0/go.mod h1:Nsh7hCQM588QPeeMyiop4fuzW9UkEt3HRSeplD7oUck=
github.com/go-macos/iokit v0.13.1 h1:xvEjjtKfuMrMAAks5ucnniX0aPMHRF+g4BvGP3tniC8=
github.com/go-macos/iokit v0.13.1/go.mod h1:XOxF+LKHfWHM1gqNi7el/AlAmv7DnhsMLMN78ReDKwo=
github.com/go-macos/localauthentication v0.3.0 h1:SHjHzxBa568ldmKUNcoFI4zKne19X2WiP0NIEIxeCaU=
github.com/go-macos/localauthentication v0.3.0/go.mod h1:54O91R168IegpE+jMvBV4S8XZ6d5x3GSPhtVlLVnoe0=
github.com/go-macos/objc v0.10.2 h1:WX8CsDT6SbDrIT2wHAZEQBhGcpKR750llRS4oAfX9ww=
github.com/go-macos/objc v0.10.2/go.mod h1:68hzSUlhg5bFbg1kO0z4DM6xOk4B/IofuxdlyhHHtt8=
github.com/x448/float16 v0.8.4 h1:qLwI1I70+NjRFUR3zs1JPUCgaCXSh3SW62uAKT1mSBM=
github.com/x448/float16 v0.8.4/go.mod h1:14CWIYCyZA/cWjXOioeEpHeN/83MdbZDRQHoFcYsOfg=
golang.org/x/crypto v0.57.0 h1:3ZVCjf8Ggz7zneR/EHRVx68Ctf+2pmIMP2UFhh9cC6M=
golang.org/x/crypto v0.57.0/go.mod h1:Fdz0i5U6CoizGwLda9DttjSk6qlZo25zYNtR+ycvuZA=
