github.com/ebitengine/purego v0.11.0 h1:jhp/D+Nyv7UUW8HAcmcjt2N2rYrYi9m3SL21k0Ua/NI=
github.com/ebitengine/purego v0.11.0/go.mod h1:DCHPP08djqhNSoTfImcnHYQRZmd0qhakvrozqaEYhGQ=
github.com/fxamacker/cbor/v2 v2.9.4 h1:xwjVlxEMR3S605oUlgBjKLTTeGFciYPGYCtF/35LKGo=
github.com/fxamacker/cbor/v2 v2.9.4/go.mod h1:vM4b+DJCtHn+zz7h3FFp/hDAI9WNWCsZj23V5ytsSxQ=
github.com/go-authn/fido v0.6.0 h1:qdrpx7NtyHAuF7uiYDw22obcHeF0ZjlIlR0K1s1G2PY=
github.com/go-authn/fido v0.6.0/go.mod h1:W92gyfbs3S8rPBpbT8vFOZqQBoL00Y1k+bjqwLp2Srw=
github.com/go-authn/keyfactor v0.3.0 h1:xpxBO2eAIZv27ThcbIELI7PQGtVhevf1ZkRgBqFvAQ4=
github.com/go-authn/keyfactor v0.3.0/go.mod h1:TE2RgkwM/iL3fIL8Oo2Bm2Kt9PLvHpXcBkJEFPY+Fmc=
github.com/go-authn/mfa v0.4.0 h1:4zVSpYR/y7k2lf7KVJmkpshXFN5Uq3sjROOuZ/Jgjso=
github.com/go-authn/mfa v0.4.0/go.mod h1:wPN7SA2sguNCNUjePafkN6BvO9LFc82PRR3bLwboR6I=
github.com/go-macos/fido v0.2.0 h1:zntBvZ6OIdR/oawtcUI8C9+VzWK/lHdSMtjLO/x0Pv4=
github.com/go-macos/fido v0.2.0/go.mod h1:qDNcBCiD5aHdIvxeXn8F+YffhCBfl1RQfwLjqHPBib0=
github.com/go-macos/iokit v0.4.0 h1:shy8jW1Q+Nqs2QFJby5DrLoAzs4flyJEL+55ZNQqnW0=
github.com/go-macos/iokit v0.4.0/go.mod h1:wH6UchjE6k8iCtouJcF+WggCgFpn9GQtzBpQtEcCLUY=
github.com/go-macos/localauthentication v0.1.0 h1:2fOzEwkhvk/9LpaEA2i3NHureb13UeeWKT0uO1LGHmw=
github.com/go-macos/localauthentication v0.1.0/go.mod h1:4acdS/2Vn15KJGDyGBrLR8onPpvZNcMTY+ZSx7I3WGc=
github.com/go-macos/objc v0.5.0 h1:/C091FfAlpHR8UAGWMVV9hM7AOPJejONu3TbpZYi9EQ=
github.com/go-macos/objc v0.5.0/go.mod h1:00GJyieLzPcb65rPLVWNPPUCVm79nmmiEXUDsslRpOs=
github.com/x448/float16 v0.8.4 h1:qLwI1I70+NjRFUR3zs1JPUCgaCXSh3SW62uAKT1mSBM=
github.com/x448/float16 v0.8.4/go.mod h1:14CWIYCyZA/cWjXOioeEpHeN/83MdbZDRQHoFcYsOfg=
golang.org/x/crypto v0.57.0 h1:3ZVCjf8Ggz7zneR/EHRVx68Ctf+2pmIMP2UFhh9cC6M=
golang.org/x/crypto v0.57.0/go.mod h1:Fdz0i5U6CoizGwLda9DttjSk6qlZo25zYNtR+ycvuZA=
