github.com/ebitengine/purego v0.11.0 h1:jhp/D+Nyv7UUW8HAcmcjt2N2rYrYi9m3SL21k0Ua/NI=
github.com/ebitengine/purego v0.11.0/go.mod h1:DCHPP08djqhNSoTfImcnHYQRZmd0qhakvrozqaEYhGQ=
github.com/fxamacker/cbor/v2 v2.9.3 h1:oQBnFATpNdY8gJHTndDDv5Xl4QqNaz51G5LLEPhng3Q=
github.com/fxamacker/cbor/v2 v2.9.3/go.mod h1:vM4b+DJCtHn+zz7h3FFp/hDAI9WNWCsZj23V5ytsSxQ=
github.com/go-authn/fido v0.5.0 h1:8a9egNACJPcGPOcMRLawkk9dUHawhJOP4kSI5dzqw4s=
github.com/go-authn/fido v0.5.0/go.mod h1:LaEepE2Inuw1kNEc0CgGt93VGVKjtyRXBMZfyEclKP8=
github.com/go-authn/keyfactor v0.1.0 h1:/kLi4sYZTQ+AmYTaEXZ1+dnaIelmjMDI3dQKwvND/tE=
github.com/go-authn/keyfactor v0.1.0/go.mod h1:CeJO2mFsReZRfVwVxFAxKs46WbYOTXEBd8FYlnG/W6Q=
github.com/go-authn/mfa v0.1.0 h1:fi0n2rppQvaIyeqa0qaNXa04e55OGEtBmsfQNOym4M0=
github.com/go-authn/mfa v0.1.0/go.mod h1:wPN7SA2sguNCNUjePafkN6BvO9LFc82PRR3bLwboR6I=
github.com/go-macos/fido v0.2.0 h1:zntBvZ6OIdR/oawtcUI8C9+VzWK/lHdSMtjLO/x0Pv4=
github.com/go-macos/fido v0.2.0/go.mod h1:qDNcBCiD5aHdIvxeXn8F+YffhCBfl1RQfwLjqHPBib0=
github.com/go-macos/iokit v0.4.0 h1:shy8jW1Q+Nqs2QFJby5DrLoAzs4flyJEL+55ZNQqnW0=
github.com/go-macos/iokit v0.4.0/go.mod h1:wH6UchjE6k8iCtouJcF+WggCgFpn9GQtzBpQtEcCLUY=
github.com/go-macos/localauthentication v0.1.0 h1:2fOzEwkhvk/9LpaEA2i3NHureb13UeeWKT0uO1LGHmw=
github.com/go-macos/localauthentication v0.1.0/go.mod h1:4acdS/2Vn15KJGDyGBrLR8onPpvZNcMTY+ZSx7I3WGc=
github.com/go-macos/objc v0.5.0 h1:/C091FfAlpHR8UAGWMVV9hM7AOPJejONu3TbpZYi9EQ=
github.com/go-macos/objc v0.5.0/go.mod h1:00GJyieLzPcb65rPLVWNPPUCVm79nmmiEXUDsslRpOs=
github.com/x448/float16 v0.8.4 h1:qLwI1I70+NjRFUR3zs1JPUCgaCXSh3SW62uAKT1mSBM=
github.com/x448/float16 v0.8.4/go.mod h1:14CWIYCyZA/cWjXOioeEpHeN/83MdbZDRQHoFcYsOfg=
golang.org/x/crypto v0.56.0 h1:GUh5Ii4J5jtcseSMiRqr1jXCNHoxjeV9Fmekc2oLy6Y=
golang.org/x/crypto v0.56.0/go.mod h1:OMW5y6CY9l38uPLmxU6l6pwcXp1obtLo3e6gT7gQR2I=
